
Microsoft Visual Studio Solution File, Format Version 12.00
# Visual Studio Version 16
VisualStudioVersion = 16.0.31515.178
MinimumVisualStudioVersion = 10.0.40219.1
Project("{2150E333-8FDC-42A3-9474-1A3956D46DE8}") = "0 - Apresentacao", "0 - Apresentacao", "{3E4D5E11-C9C9-45C8-97C9-3B657776F9EA}"
EndProject
Project("{FAE04EC0-301F-11D3-BF4B-00C04F79EFBC}") = "AR.Apresentacao", "AR.Apresentacao\AR.Apresentacao.csproj", "{6AA2D6F2-26BE-4750-9FE2-FAA10D04922A}"
EndProject
Global
	GlobalSection(SolutionConfigurationPlatforms) = preSolution
		Debug|Any CPU = Debug|Any CPU
		Release|Any CPU = Release|Any CPU
	EndGlobalSection
	GlobalSection(ProjectConfigurationPlatforms) = postSolution
		{6AA2D6F2-26BE-4750-9FE2-FAA10D04922A}.Debug|Any CPU.ActiveCfg = Debug|Any CPU
		{6AA2D6F2-26BE-4750-9FE2-FAA10D04922A}.Debug|Any CPU.Build.0 = Debug|Any CPU
		{6AA2D6F2-26BE-4750-9FE2-FAA10D04922A}.Release|Any CPU.ActiveCfg = Release|Any CPU
		{6AA2D6F2-26BE-4750-9FE2-FAA10D04922A}.Release|Any CPU.Build.0 = Release|Any CPU
	EndGlobalSection
	GlobalSection(SolutionProperties) = preSolution
		HideSolutionNode = FALSE
	EndGlobalSection
	GlobalSection(NestedProjects) = preSolution
		{6AA2D6F2-26BE-4750-9FE2-FAA10D04922A} = {3E4D5E11-C9C9-45C8-97C9-3B657776F9EA}
	EndGlobalSection
	GlobalSection(ExtensibilityGlobals) = postSolution
		SolutionGuid = {DFB84DBD-823F-4ED3-B199-AE637BBDDE7C}
	EndGlobalSection
EndGlobal
